
Microsoft Visual Studio Solution File, Format Version 12.00
# Visual Studio 15
VisualStudioVersion = 15.0.28010.2036
MinimumVisualStudioVersion = 10.0.40219.1
Project("{FAE04EC0-301F-11D3-BF4B-00C04F79EFBC}") = "KlasserRepUpg", "KlasserRepUpg\KlasserRepUpg.csproj", "{867014D8-B56F-44B7-BE23-9621CB647442}"
EndProject
Global
	GlobalSection(SolutionConfigurationPlatforms) = preSolution
		Debug|Any CPU = Debug|Any CPU
		Release|Any CPU = Release|Any CPU
	EndGlobalSection
	GlobalSection(ProjectConfigurationPlatforms) = postSolution
		{867014D8-B56F-44B7-BE23-9621CB647442}.Debug|Any CPU.ActiveCfg = Debug|Any CPU
		{867014D8-B56F-44B7-BE23-9621CB647442}.Debug|Any CPU.Build.0 = Debug|Any CPU
		{867014D8-B56F-44B7-BE23-9621CB647442}.Release|Any CPU.ActiveCfg = Release|Any CPU
		{867014D8-B56F-44B7-BE23-9621CB647442}.Release|Any CPU.Build.0 = Release|Any CPU
	EndGlobalSection
	GlobalSection(SolutionProperties) = preSolution
		HideSolutionNode = FALSE
	EndGlobalSection
	GlobalSection(ExtensibilityGlobals) = postSolution
		SolutionGuid = {2D1318DB-FE35-49F6-BB3A-00E5F25C5562}
	EndGlobalSection
EndGlobal
