
Microsoft Visual Studio Solution File, Format Version 12.00
# Visual Studio 15
VisualStudioVersion = 15.0.28010.2036
MinimumVisualStudioVersion = 10.0.40219.1
Project("{FAE04EC0-301F-11D3-BF4B-00C04F79EFBC}") = "Asland", "Asland\Asland.csproj", "{60C2800A-F44B-4715-832C-DF9E637F19DB}"
EndProject
Global
	GlobalSection(SolutionConfigurationPlatforms) = preSolution
		Debug|Any CPU = Debug|Any CPU
		Release|Any CPU = Release|Any CPU
	EndGlobalSection
	GlobalSection(ProjectConfigurationPlatforms) = postSolution
		{60C2800A-F44B-4715-832C-DF9E637F19DB}.Debug|Any CPU.ActiveCfg = Debug|Any CPU
		{60C2800A-F44B-4715-832C-DF9E637F19DB}.Debug|Any CPU.Build.0 = Debug|Any CPU
		{60C2800A-F44B-4715-832C-DF9E637F19DB}.Release|Any CPU.ActiveCfg = Release|Any CPU
		{60C2800A-F44B-4715-832C-DF9E637F19DB}.Release|Any CPU.Build.0 = Release|Any CPU
	EndGlobalSection
	GlobalSection(SolutionProperties) = preSolution
		HideSolutionNode = FALSE
	EndGlobalSection
	GlobalSection(ExtensibilityGlobals) = postSolution
		SolutionGuid = {E62DB9C2-C80D-46C7-8BD9-BA98A37847C2}
	EndGlobalSection
EndGlobal
