
Microsoft Visual Studio Solution File, Format Version 12.00
# Visual Studio 15
VisualStudioVersion = 15.0.28010.2036
MinimumVisualStudioVersion = 10.0.40219.1
Project("{FAE04EC0-301F-11D3-BF4B-00C04F79EFBC}") = "ElliottSocialistBank", "ElliottSocialistBank\ElliottSocialistBank.csproj", "{FDD16EF4-6C45-4B4B-846F-EDB013AF378C}"
EndProject
Global
	GlobalSection(SolutionConfigurationPlatforms) = preSolution
		Debug|Any CPU = Debug|Any CPU
		Release|Any CPU = Release|Any CPU
	EndGlobalSection
	GlobalSection(ProjectConfigurationPlatforms) = postSolution
		{FDD16EF4-6C45-4B4B-846F-EDB013AF378C}.Debug|Any CPU.ActiveCfg = Debug|Any CPU
		{FDD16EF4-6C45-4B4B-846F-EDB013AF378C}.Debug|Any CPU.Build.0 = Debug|Any CPU
		{FDD16EF4-6C45-4B4B-846F-EDB013AF378C}.Release|Any CPU.ActiveCfg = Release|Any CPU
		{FDD16EF4-6C45-4B4B-846F-EDB013AF378C}.Release|Any CPU.Build.0 = Release|Any CPU
	EndGlobalSection
	GlobalSection(SolutionProperties) = preSolution
		HideSolutionNode = FALSE
	EndGlobalSection
	GlobalSection(ExtensibilityGlobals) = postSolution
		SolutionGuid = {69275376-3A61-4573-AECF-1C6E35BB1D1B}
	EndGlobalSection
EndGlobal
