
Microsoft Visual Studio Solution File, Format Version 12.00
# Visual Studio 15
VisualStudioVersion = 15.0.28010.2036
MinimumVisualStudioVersion = 10.0.40219.1
Project("{FAE04EC0-301F-11D3-BF4B-00C04F79EFBC}") = "WpfApp1", "WpfApp1\WpfApp1.csproj", "{610FBD96-2F64-48F5-A838-ABFBA4F6BF6A}"
EndProject
Global
	GlobalSection(SolutionConfigurationPlatforms) = preSolution
		Debug|Any CPU = Debug|Any CPU
		Release|Any CPU = Release|Any CPU
	EndGlobalSection
	GlobalSection(ProjectConfigurationPlatforms) = postSolution
		{610FBD96-2F64-48F5-A838-ABFBA4F6BF6A}.Debug|Any CPU.ActiveCfg = Debug|Any CPU
		{610FBD96-2F64-48F5-A838-ABFBA4F6BF6A}.Debug|Any CPU.Build.0 = Debug|Any CPU
		{610FBD96-2F64-48F5-A838-ABFBA4F6BF6A}.Release|Any CPU.ActiveCfg = Release|Any CPU
		{610FBD96-2F64-48F5-A838-ABFBA4F6BF6A}.Release|Any CPU.Build.0 = Release|Any CPU
	EndGlobalSection
	GlobalSection(SolutionProperties) = preSolution
		HideSolutionNode = FALSE
	EndGlobalSection
	GlobalSection(ExtensibilityGlobals) = postSolution
		SolutionGuid = {514BE5DC-1216-46BC-B98C-74C544067D90}
	EndGlobalSection
EndGlobal
